{
  "name": "promises",
  "lockfileVersion": 3,
  "requires": true,
  "packages": {
    "": {
      "devDependencies": {
        "@types/bun": "^1.0.0",
        "typescript": "^5.3.3"
      }
    },
    "node_modules/@types/bun": {
      "version": "1.0.0",
      "resolved": "https://registry.npmjs.org/@types/bun/-/bun-1.0.0.tgz",
      "integrity": "sha512-TPI/aImv/fSo0SWlt29wq0tWRqQOWsC4FOXYeUK0Ni6tAS+FqJZ2p7QCGY4hmHaHQeE2KhKJ6Qn9k3kvFfXD3Q==",
      "dev": true,
      "dependencies": {
        "bun-types": "1.0.18"
      }
    },
    "node_modules/bun-types": {
      "version": "1.0.18",
      "resolved": "https://registry.npmjs.org/bun-types/-/bun-types-1.0.18.tgz",
      "integrity": "sha512-1XZ7AxOF8oO8FZtw1xj006JAKxEjulK3dUhsktZVN95vXBlsf4NIjQxfistVdpt24v3H2I9BwHp+UU+gXSSpAw==",
      "dev": true
    },
    "node_modules/typescript": {
      "version": "5.3.3",
      "resolved": "https://registry.npmjs.org/typescript/-/typescript-5.3.3.tgz",
      "integrity": "sha512-pXWcraxM0uxAS+tN0AG/BF2TyqmHO014Z070UsJ+pFvYuRSq8KH8DmWpnbXe0pEPDHXZV3FcAbJkijJ5oNEnWw==",
      "dev": true,
      "bin": {
        "tsc": "bin/tsc",
        "tsserver": "bin/tsserver"
      },
      "engines": {
        "node": ">=14.17"
      }
    }
  }
}
